
Microsoft Visual Studio Solution File, Format Version 12.00
# Visual Studio 15
VisualStudioVersion = 15.0.27130.2010
MinimumVisualStudioVersion = 10.0.40219.1
Project("{FAE04EC0-301F-11D3-BF4B-00C04F79EFBC}") = "TaskExecutorUI", "TaskExecutorUI\TaskExecutorUI.csproj", "{0E0B0352-B750-45B1-A17F-404022B23E54}"
EndProject
Global
	GlobalSection(SolutionConfigurationPlatforms) = preSolution
		Debug|Any CPU = Debug|Any CPU
		Release|Any CPU = Release|Any CPU
	EndGlobalSection
	GlobalSection(ProjectConfigurationPlatforms) = postSolution
		{0E0B0352-B750-45B1-A17F-404022B23E54}.Debug|Any CPU.ActiveCfg = Debug|Any CPU
		{0E0B0352-B750-45B1-A17F-404022B23E54}.Debug|Any CPU.Build.0 = Debug|Any CPU
		{0E0B0352-B750-45B1-A17F-404022B23E54}.Release|Any CPU.ActiveCfg = Release|Any CPU
		{0E0B0352-B750-45B1-A17F-404022B23E54}.Release|Any CPU.Build.0 = Release|Any CPU
	EndGlobalSection
	GlobalSection(SolutionProperties) = preSolution
		HideSolutionNode = FALSE
	EndGlobalSection
	GlobalSection(ExtensibilityGlobals) = postSolution
		SolutionGuid = {B4C2A7C1-1946-4EBC-9225-37F62860A28F}
	EndGlobalSection
EndGlobal
