
Microsoft Visual Studio Solution File, Format Version 12.00
# Visual Studio 15
VisualStudioVersion = 15.0.27130.2010
MinimumVisualStudioVersion = 10.0.40219.1
Project("{FAE04EC0-301F-11D3-BF4B-00C04F79EFBC}") = "ChatUI", "ChatUI\ChatUI.csproj", "{41989ED6-5465-4669-BE59-F82C713361CE}"
EndProject
Project("{FAE04EC0-301F-11D3-BF4B-00C04F79EFBC}") = "ChatLib", "ChatLib\ChatLib.csproj", "{7DD58CAA-851A-40D1-B0CC-FA04783F818D}"
EndProject
Project("{FAE04EC0-301F-11D3-BF4B-00C04F79EFBC}") = "ChatLog", "ChatLog\ChatLog.csproj", "{75E10E2C-A89B-4436-A73A-5332171DE044}"
EndProject
Global
	GlobalSection(SolutionConfigurationPlatforms) = preSolution
		Debug|Any CPU = Debug|Any CPU
		Release|Any CPU = Release|Any CPU
	EndGlobalSection
	GlobalSection(ProjectConfigurationPlatforms) = postSolution
		{41989ED6-5465-4669-BE59-F82C713361CE}.Debug|Any CPU.ActiveCfg = Debug|Any CPU
		{41989ED6-5465-4669-BE59-F82C713361CE}.Debug|Any CPU.Build.0 = Debug|Any CPU
		{41989ED6-5465-4669-BE59-F82C713361CE}.Release|Any CPU.ActiveCfg = Release|Any CPU
		{41989ED6-5465-4669-BE59-F82C713361CE}.Release|Any CPU.Build.0 = Release|Any CPU
		{7DD58CAA-851A-40D1-B0CC-FA04783F818D}.Debug|Any CPU.ActiveCfg = Debug|Any CPU
		{7DD58CAA-851A-40D1-B0CC-FA04783F818D}.Debug|Any CPU.Build.0 = Debug|Any CPU
		{7DD58CAA-851A-40D1-B0CC-FA04783F818D}.Release|Any CPU.ActiveCfg = Release|Any CPU
		{7DD58CAA-851A-40D1-B0CC-FA04783F818D}.Release|Any CPU.Build.0 = Release|Any CPU
		{75E10E2C-A89B-4436-A73A-5332171DE044}.Debug|Any CPU.ActiveCfg = Debug|Any CPU
		{75E10E2C-A89B-4436-A73A-5332171DE044}.Debug|Any CPU.Build.0 = Debug|Any CPU
		{75E10E2C-A89B-4436-A73A-5332171DE044}.Release|Any CPU.ActiveCfg = Release|Any CPU
		{75E10E2C-A89B-4436-A73A-5332171DE044}.Release|Any CPU.Build.0 = Release|Any CPU
	EndGlobalSection
	GlobalSection(SolutionProperties) = preSolution
		HideSolutionNode = FALSE
	EndGlobalSection
	GlobalSection(ExtensibilityGlobals) = postSolution
		SolutionGuid = {F3B79F8D-E274-403B-8744-DA10262C0D9B}
	EndGlobalSection
EndGlobal
