
Microsoft Visual Studio Solution File, Format Version 12.00
# Visual Studio 15
VisualStudioVersion = 15.0.27130.2010
MinimumVisualStudioVersion = 10.0.40219.1
Project("{FAE04EC0-301F-11D3-BF4B-00C04F79EFBC}") = "FirstConsoleApp", "FirstConsoleApp\FirstConsoleApp.csproj", "{50F0BC0A-821C-4AAA-B515-A3BFCF9ABE0A}"
EndProject
Global
	GlobalSection(SolutionConfigurationPlatforms) = preSolution
		Debug|Any CPU = Debug|Any CPU
		Release|Any CPU = Release|Any CPU
	EndGlobalSection
	GlobalSection(ProjectConfigurationPlatforms) = postSolution
		{50F0BC0A-821C-4AAA-B515-A3BFCF9ABE0A}.Debug|Any CPU.ActiveCfg = Debug|Any CPU
		{50F0BC0A-821C-4AAA-B515-A3BFCF9ABE0A}.Debug|Any CPU.Build.0 = Debug|Any CPU
		{50F0BC0A-821C-4AAA-B515-A3BFCF9ABE0A}.Release|Any CPU.ActiveCfg = Release|Any CPU
		{50F0BC0A-821C-4AAA-B515-A3BFCF9ABE0A}.Release|Any CPU.Build.0 = Release|Any CPU
	EndGlobalSection
	GlobalSection(SolutionProperties) = preSolution
		HideSolutionNode = FALSE
	EndGlobalSection
	GlobalSection(ExtensibilityGlobals) = postSolution
		SolutionGuid = {D4AF4743-FE9E-44AF-9112-617AF27EDC8B}
	EndGlobalSection
EndGlobal
