
Microsoft Visual Studio Solution File, Format Version 12.00
# Visual Studio 15
VisualStudioVersion = 15.0.27130.2010
MinimumVisualStudioVersion = 10.0.40219.1
Project("{FAE04EC0-301F-11D3-BF4B-00C04F79EFBC}") = "Listener_n_Client_In_Single_Solution", "Listener_n_Client_In_Single_Solution\Listener_n_Client_In_Single_Solution.csproj", "{6F43B331-7CC3-4A68-9240-7D7073CA9807}"
EndProject
Global
	GlobalSection(SolutionConfigurationPlatforms) = preSolution
		Debug|Any CPU = Debug|Any CPU
		Release|Any CPU = Release|Any CPU
	EndGlobalSection
	GlobalSection(ProjectConfigurationPlatforms) = postSolution
		{6F43B331-7CC3-4A68-9240-7D7073CA9807}.Debug|Any CPU.ActiveCfg = Debug|Any CPU
		{6F43B331-7CC3-4A68-9240-7D7073CA9807}.Debug|Any CPU.Build.0 = Debug|Any CPU
		{6F43B331-7CC3-4A68-9240-7D7073CA9807}.Release|Any CPU.ActiveCfg = Release|Any CPU
		{6F43B331-7CC3-4A68-9240-7D7073CA9807}.Release|Any CPU.Build.0 = Release|Any CPU
	EndGlobalSection
	GlobalSection(SolutionProperties) = preSolution
		HideSolutionNode = FALSE
	EndGlobalSection
	GlobalSection(ExtensibilityGlobals) = postSolution
		SolutionGuid = {25828FF6-B489-4D16-AE8E-34EB65AE825E}
	EndGlobalSection
EndGlobal
